
Microsoft Visual Studio Solution File, Format Version 12.00
# Visual Studio 15
VisualStudioVersion = 15.0.27428.2015
MinimumVisualStudioVersion = 10.0.40219.1
Project("{FAE04EC0-301F-11D3-BF4B-00C04F79EFBC}") = "TextAdventure", "TextAdventure\TextAdventure.csproj", "{8736D75A-7FCC-4B93-8483-D5618E47142E}"
EndProject
Global
	GlobalSection(SolutionConfigurationPlatforms) = preSolution
		Debug|Any CPU = Debug|Any CPU
		Release|Any CPU = Release|Any CPU
	EndGlobalSection
	GlobalSection(ProjectConfigurationPlatforms) = postSolution
		{8736D75A-7FCC-4B93-8483-D5618E47142E}.Debug|Any CPU.ActiveCfg = Debug|Any CPU
		{8736D75A-7FCC-4B93-8483-D5618E47142E}.Debug|Any CPU.Build.0 = Debug|Any CPU
		{8736D75A-7FCC-4B93-8483-D5618E47142E}.Release|Any CPU.ActiveCfg = Release|Any CPU
		{8736D75A-7FCC-4B93-8483-D5618E47142E}.Release|Any CPU.Build.0 = Release|Any CPU
	EndGlobalSection
	GlobalSection(SolutionProperties) = preSolution
		HideSolutionNode = FALSE
	EndGlobalSection
	GlobalSection(ExtensibilityGlobals) = postSolution
		SolutionGuid = {055605D4-F4EF-47FD-B72F-E2F443D9AD67}
	EndGlobalSection
EndGlobal
